// !$*UTF8*$!
{
	archiveVersion = 1;
	classes = {
	};
	objectVersion = 56;
	objects = {

/* Begin PBXBuildFile section */
		2F6F36862933CB65009F357A /* AppDelegate.swift in Sources */ = {isa = PBXBuildFile; fileRef = 2F6F36852933CB65009F357A /* AppDelegate.swift */; };
		2F6F36882933CB65009F357A /* SceneDelegate.swift in Sources */ = {isa = PBXBuildFile; fileRef = 2F6F36872933CB65009F357A /* SceneDelegate.swift */; };
		2F6F368F2933CB65009F357A /* Assets.xcassets in Resources */ = {isa = PBXBuildFile; fileRef = 2F6F368E2933CB65009F357A /* Assets.xcassets */; };
		2F6F36922933CB65009F357A /* LaunchScreen.storyboard in Resources */ = {isa = PBXBuildFile; fileRef = 2F6F36902933CB65009F357A /* LaunchScreen.storyboard */; };
		2F6F369E2933D488009F357A /* RxCocoa in Frameworks */ = {isa = PBXBuildFile; productRef = 2F6F369D2933D488009F357A /* RxCocoa */; };
		2F6F36A02933D488009F357A /* RxRelay in Frameworks */ = {isa = PBXBuildFile; productRef = 2F6F369F2933D488009F357A /* RxRelay */; };
		2F6F36A22933D488009F357A /* RxSwift in Frameworks */ = {isa = PBXBuildFile; productRef = 2F6F36A12933D488009F357A /* RxSwift */; };
		2F6F36A52933D54F009F357A /* Differentiator in Frameworks */ = {isa = PBXBuildFile; productRef = 2F6F36A42933D54F009F357A /* Differentiator */; };
		2F6F36A72933D54F009F357A /* RxDataSources in Frameworks */ = {isa = PBXBuildFile; productRef = 2F6F36A62933D54F009F357A /* RxDataSources */; };
		2F6F36B82933EB4E009F357A /* ViewModelBindable.swift in Sources */ = {isa = PBXBuildFile; fileRef = 2F6F36AB2933E946009F357A /* ViewModelBindable.swift */; };
		2F6F36B92933EB83009F357A /* AnyViewModel.swift in Sources */ = {isa = PBXBuildFile; fileRef = 2F6F36B52933E947009F357A /* AnyViewModel.swift */; };
		2F6F36BA2933EB83009F357A /* ViewModelType.swift in Sources */ = {isa = PBXBuildFile; fileRef = 2F6F36B62933E947009F357A /* ViewModelType.swift */; };
		2F6F36BB2933EB9E009F357A /* UnitType.swift in Sources */ = {isa = PBXBuildFile; fileRef = 2F6F36AE2933E947009F357A /* UnitType.swift */; };
		2F6F36BC2933EB9E009F357A /* SimpleUnit.swift in Sources */ = {isa = PBXBuildFile; fileRef = 2F6F36AD2933E947009F357A /* SimpleUnit.swift */; };
		2F6F36BD2933EBC2009F357A /* ReactiveReusable.swift in Sources */ = {isa = PBXBuildFile; fileRef = 2F6F36B32933E947009F357A /* ReactiveReusable.swift */; };
		2F6F36BF2933EBC2009F357A /* EventTrackerType.swift in Sources */ = {isa = PBXBuildFile; fileRef = 2F6F36B12933E947009F357A /* EventTrackerType.swift */; };
		2F6F36C02933EBC2009F357A /* AnyEventTracker.swift in Sources */ = {isa = PBXBuildFile; fileRef = 2F6F36B02933E947009F357A /* AnyEventTracker.swift */; };
		2F6F36C42933ED9E009F357A /* UITableView+extension.swift in Sources */ = {isa = PBXBuildFile; fileRef = 2F6F36C32933ED9E009F357A /* UITableView+extension.swift */; };
		2F6F36C72933EE25009F357A /* Applicable.swift in Sources */ = {isa = PBXBuildFile; fileRef = 2F6F36C62933EE25009F357A /* Applicable.swift */; };
		2F6F36C92933EE96009F357A /* Runnable.swift in Sources */ = {isa = PBXBuildFile; fileRef = 2F6F36C82933EE96009F357A /* Runnable.swift */; };
		2F6F36CB2933EF12009F357A /* ClassNameProtocol.swift in Sources */ = {isa = PBXBuildFile; fileRef = 2F6F36CA2933EF12009F357A /* ClassNameProtocol.swift */; };
		2F6F36D12933F1D4009F357A /* TableViewWrapperCell.swift in Sources */ = {isa = PBXBuildFile; fileRef = 2F6F36D02933F1D4009F357A /* TableViewWrapperCell.swift */; };
		2F6F36D42933F2F2009F357A /* SnapKit in Frameworks */ = {isa = PBXBuildFile; productRef = 2F6F36D32933F2F2009F357A /* SnapKit */; };
		2F6F36D92933F7B0009F357A /* AnimatableSection.swift in Sources */ = {isa = PBXBuildFile; fileRef = 2F6F36D82933F7B0009F357A /* AnimatableSection.swift */; };
		2F6F36DB2933F7C3009F357A /* AnimatableItem.swift in Sources */ = {isa = PBXBuildFile; fileRef = 2F6F36DA2933F7C3009F357A /* AnimatableItem.swift */; };
		2F6F36DD2934036D009F357A /* TableViewCellModel.swift in Sources */ = {isa = PBXBuildFile; fileRef = 2F6F36DC2934036D009F357A /* TableViewCellModel.swift */; };
		2F6F36E5293412D6009F357A /* OneButtonView.swift in Sources */ = {isa = PBXBuildFile; fileRef = 2F6F36E4293412D6009F357A /* OneButtonView.swift */; };
		2F6F36E729341399009F357A /* OneButtonUnit.swift in Sources */ = {isa = PBXBuildFile; fileRef = 2F6F36E629341399009F357A /* OneButtonUnit.swift */; };
		2F6F36E9293413A5009F357A /* OneButtonViewModel.swift in Sources */ = {isa = PBXBuildFile; fileRef = 2F6F36E8293413A5009F357A /* OneButtonViewModel.swift */; };
		2F6F36EC29341A40009F357A /* SharedSequenceConvertibleType+extension.swift in Sources */ = {isa = PBXBuildFile; fileRef = 2F6F36EB29341A40009F357A /* SharedSequenceConvertibleType+extension.swift */; };
		2F6F36EE29341B1A009F357A /* TwoButtonView.swift in Sources */ = {isa = PBXBuildFile; fileRef = 2F6F36ED29341B1A009F357A /* TwoButtonView.swift */; };
		2F6F36F029341B24009F357A /* TwoButtonUnit.swift in Sources */ = {isa = PBXBuildFile; fileRef = 2F6F36EF29341B24009F357A /* TwoButtonUnit.swift */; };
		2F6F36F229341B2E009F357A /* TwoButtonViewModel.swift in Sources */ = {isa = PBXBuildFile; fileRef = 2F6F36F129341B2E009F357A /* TwoButtonViewModel.swift */; };
		2F6F36F429341C96009F357A /* ThreeButtonView.swift in Sources */ = {isa = PBXBuildFile; fileRef = 2F6F36F329341C96009F357A /* ThreeButtonView.swift */; };
		2F6F36F629341CA5009F357A /* ThreeButtonUnit.swift in Sources */ = {isa = PBXBuildFile; fileRef = 2F6F36F529341CA5009F357A /* ThreeButtonUnit.swift */; };
		2F6F36F829341CAD009F357A /* ThreeButtonViewModel.swift in Sources */ = {isa = PBXBuildFile; fileRef = 2F6F36F729341CAD009F357A /* ThreeButtonViewModel.swift */; };
		2F6F36FA2934209C009F357A /* ButtonsScene.swift in Sources */ = {isa = PBXBuildFile; fileRef = 2F6F36F92934209C009F357A /* ButtonsScene.swift */; };
		2F6F36FC293420DA009F357A /* ButtonsSceneUnit.swift in Sources */ = {isa = PBXBuildFile; fileRef = 2F6F36FB293420DA009F357A /* ButtonsSceneUnit.swift */; };
		2F6F36FE293420E2009F357A /* ButtonsSceneModel.swift in Sources */ = {isa = PBXBuildFile; fileRef = 2F6F36FD293420E2009F357A /* ButtonsSceneModel.swift */; };
		2F6F3701293421F6009F357A /* TableViewCellModelProtocol.swift in Sources */ = {isa = PBXBuildFile; fileRef = 2F6F3700293421F6009F357A /* TableViewCellModelProtocol.swift */; };
		2F6F37042934228D009F357A /* AnyAnimatableItem.swift in Sources */ = {isa = PBXBuildFile; fileRef = 2F6F37032934228D009F357A /* AnyAnimatableItem.swift */; };
		2F6F370729342339009F357A /* AnyAnimatableSection.swift in Sources */ = {isa = PBXBuildFile; fileRef = 2F6F370629342339009F357A /* AnyAnimatableSection.swift */; };
		2F6F370929342536009F357A /* AnimatableItemProtocol.swift in Sources */ = {isa = PBXBuildFile; fileRef = 2F6F370829342536009F357A /* AnimatableItemProtocol.swift */; };
		2F6F370B293436F6009F357A /* AnyAnimatableSections.swift in Sources */ = {isa = PBXBuildFile; fileRef = 2F6F370A293436F6009F357A /* AnyAnimatableSections.swift */; };
		2F6F370E293455DA009F357A /* TableViewAnimatedDataSource.swift in Sources */ = {isa = PBXBuildFile; fileRef = 2F6F370D293455DA009F357A /* TableViewAnimatedDataSource.swift */; };
		2F6F371129345781009F357A /* CellEvent.swift in Sources */ = {isa = PBXBuildFile; fileRef = 2F6F371029345781009F357A /* CellEvent.swift */; };
		2FABB5FB2934D3AD0071F232 /* TableViewInteractionManager.swift in Sources */ = {isa = PBXBuildFile; fileRef = 2FABB5FA2934D3AD0071F232 /* TableViewInteractionManager.swift */; };
/* End PBXBuildFile section */

/* Begin PBXFileReference section */
		2F6F36822933CB65009F357A /* DataSourceExample.app */ = {isa = PBXFileReference; explicitFileType = wrapper.application; includeInIndex = 0; path = DataSourceExample.app; sourceTree = BUILT_PRODUCTS_DIR; };
		2F6F36852933CB65009F357A /* AppDelegate.swift */ = {isa = PBXFileReference; lastKnownFileType = sourcecode.swift; path = AppDelegate.swift; sourceTree = "<group>"; };
		2F6F36872933CB65009F357A /* SceneDelegate.swift */ = {isa = PBXFileReference; lastKnownFileType = sourcecode.swift; path = SceneDelegate.swift; sourceTree = "<group>"; };
		2F6F368E2933CB65009F357A /* Assets.xcassets */ = {isa = PBXFileReference; lastKnownFileType = folder.assetcatalog; path = Assets.xcassets; sourceTree = "<group>"; };
		2F6F36912933CB65009F357A /* Base */ = {isa = PBXFileReference; lastKnownFileType = file.storyboard; name = Base; path = Base.lproj/LaunchScreen.storyboard; sourceTree = "<group>"; };
		2F6F36932933CB65009F357A /* Info.plist */ = {isa = PBXFileReference; lastKnownFileType = text.plist.xml; path = Info.plist; sourceTree = "<group>"; };
		2F6F36AB2933E946009F357A /* ViewModelBindable.swift */ = {isa = PBXFileReference; lastKnownFileType = sourcecode.swift; path = ViewModelBindable.swift; sourceTree = "<group>"; };
		2F6F36AD2933E947009F357A /* SimpleUnit.swift */ = {isa = PBXFileReference; lastKnownFileType = sourcecode.swift; path = SimpleUnit.swift; sourceTree = "<group>"; };
		2F6F36AE2933E947009F357A /* UnitType.swift */ = {isa = PBXFileReference; lastKnownFileType = sourcecode.swift; path = UnitType.swift; sourceTree = "<group>"; };
		2F6F36B02933E947009F357A /* AnyEventTracker.swift */ = {isa = PBXFileReference; lastKnownFileType = sourcecode.swift; path = AnyEventTracker.swift; sourceTree = "<group>"; };
		2F6F36B12933E947009F357A /* EventTrackerType.swift */ = {isa = PBXFileReference; lastKnownFileType = sourcecode.swift; path = EventTrackerType.swift; sourceTree = "<group>"; };
		2F6F36B32933E947009F357A /* ReactiveReusable.swift */ = {isa = PBXFileReference; lastKnownFileType = sourcecode.swift; path = ReactiveReusable.swift; sourceTree = "<group>"; };
		2F6F36B52933E947009F357A /* AnyViewModel.swift */ = {isa = PBXFileReference; lastKnownFileType = sourcecode.swift; path = AnyViewModel.swift; sourceTree = "<group>"; };
		2F6F36B62933E947009F357A /* ViewModelType.swift */ = {isa = PBXFileReference; lastKnownFileType = sourcecode.swift; path = ViewModelType.swift; sourceTree = "<group>"; };
		2F6F36C32933ED9E009F357A /* UITableView+extension.swift */ = {isa = PBXFileReference; lastKnownFileType = sourcecode.swift; path = "UITableView+extension.swift"; sourceTree = "<group>"; };
		2F6F36C62933EE25009F357A /* Applicable.swift */ = {isa = PBXFileReference; lastKnownFileType = sourcecode.swift; path = Applicable.swift; sourceTree = "<group>"; };
		2F6F36C82933EE96009F357A /* Runnable.swift */ = {isa = PBXFileReference; lastKnownFileType = sourcecode.swift; path = Runnable.swift; sourceTree = "<group>"; };
		2F6F36CA2933EF12009F357A /* ClassNameProtocol.swift */ = {isa = PBXFileReference; lastKnownFileType = sourcecode.swift; path = ClassNameProtocol.swift; sourceTree = "<group>"; };
		2F6F36D02933F1D4009F357A /* TableViewWrapperCell.swift */ = {isa = PBXFileReference; lastKnownFileType = sourcecode.swift; path = TableViewWrapperCell.swift; sourceTree = "<group>"; };
		2F6F36D82933F7B0009F357A /* AnimatableSection.swift */ = {isa = PBXFileReference; lastKnownFileType = sourcecode.swift; path = AnimatableSection.swift; sourceTree = "<group>"; };
		2F6F36DA2933F7C3009F357A /* AnimatableItem.swift */ = {isa = PBXFileReference; lastKnownFileType = sourcecode.swift; path = AnimatableItem.swift; sourceTree = "<group>"; };
		2F6F36DC2934036D009F357A /* TableViewCellModel.swift */ = {isa = PBXFileReference; lastKnownFileType = sourcecode.swift; path = TableViewCellModel.swift; sourceTree = "<group>"; };
		2F6F36E4293412D6009F357A /* OneButtonView.swift */ = {isa = PBXFileReference; lastKnownFileType = sourcecode.swift; path = OneButtonView.swift; sourceTree = "<group>"; };
		2F6F36E629341399009F357A /* OneButtonUnit.swift */ = {isa = PBXFileReference; lastKnownFileType = sourcecode.swift; path = OneButtonUnit.swift; sourceTree = "<group>"; };
		2F6F36E8293413A5009F357A /* OneButtonViewModel.swift */ = {isa = PBXFileReference; lastKnownFileType = sourcecode.swift; path = OneButtonViewModel.swift; sourceTree = "<group>"; };
		2F6F36EB29341A40009F357A /* SharedSequenceConvertibleType+extension.swift */ = {isa = PBXFileReference; lastKnownFileType = sourcecode.swift; path = "SharedSequenceConvertibleType+extension.swift"; sourceTree = "<group>"; };
		2F6F36ED29341B1A009F357A /* TwoButtonView.swift */ = {isa = PBXFileReference; lastKnownFileType = sourcecode.swift; path = TwoButtonView.swift; sourceTree = "<group>"; };
		2F6F36EF29341B24009F357A /* TwoButtonUnit.swift */ = {isa = PBXFileReference; lastKnownFileType = sourcecode.swift; path = TwoButtonUnit.swift; sourceTree = "<group>"; };
		2F6F36F129341B2E009F357A /* TwoButtonViewModel.swift */ = {isa = PBXFileReference; lastKnownFileType = sourcecode.swift; path = TwoButtonViewModel.swift; sourceTree = "<group>"; };
		2F6F36F329341C96009F357A /* ThreeButtonView.swift */ = {isa = PBXFileReference; lastKnownFileType = sourcecode.swift; path = ThreeButtonView.swift; sourceTree = "<group>"; };
		2F6F36F529341CA5009F357A /* ThreeButtonUnit.swift */ = {isa = PBXFileReference; lastKnownFileType = sourcecode.swift; path = ThreeButtonUnit.swift; sourceTree = "<group>"; };
		2F6F36F729341CAD009F357A /* ThreeButtonViewModel.swift */ = {isa = PBXFileReference; lastKnownFileType = sourcecode.swift; path = ThreeButtonViewModel.swift; sourceTree = "<group>"; };
		2F6F36F92934209C009F357A /* ButtonsScene.swift */ = {isa = PBXFileReference; lastKnownFileType = sourcecode.swift; path = ButtonsScene.swift; sourceTree = "<group>"; };
		2F6F36FB293420DA009F357A /* ButtonsSceneUnit.swift */ = {isa = PBXFileReference; lastKnownFileType = sourcecode.swift; path = ButtonsSceneUnit.swift; sourceTree = "<group>"; };
		2F6F36FD293420E2009F357A /* ButtonsSceneModel.swift */ = {isa = PBXFileReference; lastKnownFileType = sourcecode.swift; path = ButtonsSceneModel.swift; sourceTree = "<group>"; };
		2F6F3700293421F6009F357A /* TableViewCellModelProtocol.swift */ = {isa = PBXFileReference; lastKnownFileType = sourcecode.swift; path = TableViewCellModelProtocol.swift; sourceTree = "<group>"; };
		2F6F37032934228D009F357A /* AnyAnimatableItem.swift */ = {isa = PBXFileReference; lastKnownFileType = sourcecode.swift; path = AnyAnimatableItem.swift; sourceTree = "<group>"; };
		2F6F370629342339009F357A /* AnyAnimatableSection.swift */ = {isa = PBXFileReference; lastKnownFileType = sourcecode.swift; path = AnyAnimatableSection.swift; sourceTree = "<group>"; };
		2F6F370829342536009F357A /* AnimatableItemProtocol.swift */ = {isa = PBXFileReference; lastKnownFileType = sourcecode.swift; path = AnimatableItemProtocol.swift; sourceTree = "<group>"; };
		2F6F370A293436F6009F357A /* AnyAnimatableSections.swift */ = {isa = PBXFileReference; lastKnownFileType = sourcecode.swift; path = AnyAnimatableSections.swift; sourceTree = "<group>"; };
		2F6F370D293455DA009F357A /* TableViewAnimatedDataSource.swift */ = {isa = PBXFileReference; lastKnownFileType = sourcecode.swift; path = TableViewAnimatedDataSource.swift; sourceTree = "<group>"; };
		2F6F371029345781009F357A /* CellEvent.swift */ = {isa = PBXFileReference; lastKnownFileType = sourcecode.swift; path = CellEvent.swift; sourceTree = "<group>"; };
		2FABB5FA2934D3AD0071F232 /* TableViewInteractionManager.swift */ = {isa = PBXFileReference; lastKnownFileType = sourcecode.swift; path = TableViewInteractionManager.swift; sourceTree = "<group>"; };
/* End PBXFileReference section */

/* Begin PBXFrameworksBuildPhase section */
		2F6F367F2933CB65009F357A /* Frameworks */ = {
			isa = PBXFrameworksBuildPhase;
			buildActionMask = 2147483647;
			files = (
				2F6F36A52933D54F009F357A /* Differentiator in Frameworks */,
				2F6F36A22933D488009F357A /* RxSwift in Frameworks */,
				2F6F36A02933D488009F357A /* RxRelay in Frameworks */,
				2F6F36D42933F2F2009F357A /* SnapKit in Frameworks */,
				2F6F36A72933D54F009F357A /* RxDataSources in Frameworks */,
				2F6F369E2933D488009F357A /* RxCocoa in Frameworks */,
			);
			runOnlyForDeploymentPostprocessing = 0;
		};
/* End PBXFrameworksBuildPhase section */

/* Begin PBXGroup section */
		2F6F36792933CB65009F357A = {
			isa = PBXGroup;
			children = (
				2F6F36842933CB65009F357A /* DataSourceExample */,
				2F6F36832933CB65009F357A /* Products */,
			);
			sourceTree = "<group>";
		};
		2F6F36832933CB65009F357A /* Products */ = {
			isa = PBXGroup;
			children = (
				2F6F36822933CB65009F357A /* DataSourceExample.app */,
			);
			name = Products;
			sourceTree = "<group>";
		};
		2F6F36842933CB65009F357A /* DataSourceExample */ = {
			isa = PBXGroup;
			children = (
				2F6F369B2933D0A8009F357A /* App */,
				2F6F36A82933E234009F357A /* Tools */,
				2F6F36CC2933F0AE009F357A /* UI */,
				2F6F36992933CBCD009F357A /* SupportedFiles */,
			);
			path = DataSourceExample;
			sourceTree = "<group>";
		};
		2F6F36992933CBCD009F357A /* SupportedFiles */ = {
			isa = PBXGroup;
			children = (
				2F6F368E2933CB65009F357A /* Assets.xcassets */,
				2F6F36902933CB65009F357A /* LaunchScreen.storyboard */,
				2F6F36932933CB65009F357A /* Info.plist */,
			);
			path = SupportedFiles;
			sourceTree = "<group>";
		};
		2F6F369B2933D0A8009F357A /* App */ = {
			isa = PBXGroup;
			children = (
				2F6F36852933CB65009F357A /* AppDelegate.swift */,
				2F6F36872933CB65009F357A /* SceneDelegate.swift */,
			);
			path = App;
			sourceTree = "<group>";
		};
		2F6F36A82933E234009F357A /* Tools */ = {
			isa = PBXGroup;
			children = (
				2F6F36A92933E26F009F357A /* MVVM+Support */,
				2F6F36D52933F67D009F357A /* DataSource+Support */,
				2F6F36C12933ED25009F357A /* Extension */,
			);
			path = Tools;
			sourceTree = "<group>";
		};
		2F6F36A92933E26F009F357A /* MVVM+Support */ = {
			isa = PBXGroup;
			children = (
				2F6F36AC2933E947009F357A /* Unit */,
				2F6F36B42933E947009F357A /* ViewModel */,
				2F6F36AF2933E947009F357A /* EventTracker */,
				2F6F36AA2933E946009F357A /* ViewModelBindable */,
				2F6F36B32933E947009F357A /* ReactiveReusable.swift */,
			);
			path = "MVVM+Support";
			sourceTree = "<group>";
		};
		2F6F36AA2933E946009F357A /* ViewModelBindable */ = {
			isa = PBXGroup;
			children = (
				2F6F36AB2933E946009F357A /* ViewModelBindable.swift */,
			);
			path = ViewModelBindable;
			sourceTree = "<group>";
		};
		2F6F36AC2933E947009F357A /* Unit */ = {
			isa = PBXGroup;
			children = (
				2F6F36AE2933E947009F357A /* UnitType.swift */,
				2F6F36AD2933E947009F357A /* SimpleUnit.swift */,
			);
			path = Unit;
			sourceTree = "<group>";
		};
		2F6F36AF2933E947009F357A /* EventTracker */ = {
			isa = PBXGroup;
			children = (
				2F6F36B12933E947009F357A /* EventTrackerType.swift */,
				2F6F36B02933E947009F357A /* AnyEventTracker.swift */,
			);
			path = EventTracker;
			sourceTree = "<group>";
		};
		2F6F36B42933E947009F357A /* ViewModel */ = {
			isa = PBXGroup;
			children = (
				2F6F36B62933E947009F357A /* ViewModelType.swift */,
				2F6F36B52933E947009F357A /* AnyViewModel.swift */,
			);
			path = ViewModel;
			sourceTree = "<group>";
		};
		2F6F36C12933ED25009F357A /* Extension */ = {
			isa = PBXGroup;
			children = (
				2F6F36C52933EE10009F357A /* Helpers */,
				2F6F36C22933ED43009F357A /* UIKit */,
				2F6F36EA29341A26009F357A /* Rx */,
			);
			path = Extension;
			sourceTree = "<group>";
		};
		2F6F36C22933ED43009F357A /* UIKit */ = {
			isa = PBXGroup;
			children = (
				2F6F36C32933ED9E009F357A /* UITableView+extension.swift */,
			);
			path = UIKit;
			sourceTree = "<group>";
		};
		2F6F36C52933EE10009F357A /* Helpers */ = {
			isa = PBXGroup;
			children = (
				2F6F36C62933EE25009F357A /* Applicable.swift */,
				2F6F36C82933EE96009F357A /* Runnable.swift */,
				2F6F36CA2933EF12009F357A /* ClassNameProtocol.swift */,
			);
			path = Helpers;
			sourceTree = "<group>";
		};
		2F6F36CC2933F0AE009F357A /* UI */ = {
			isa = PBXGroup;
			children = (
				2F6F36CD2933F0B8009F357A /* Components */,
				2F6F36CE2933F0BF009F357A /* ViewControllers */,
			);
			path = UI;
			sourceTree = "<group>";
		};
		2F6F36CD2933F0B8009F357A /* Components */ = {
			isa = PBXGroup;
			children = (
				2F6F36E029341290009F357A /* Views */,
				2F6F36CF2933F1A5009F357A /* Cells */,
			);
			path = Components;
			sourceTree = "<group>";
		};
		2F6F36CE2933F0BF009F357A /* ViewControllers */ = {
			isa = PBXGroup;
			children = (
				2F6F36DF2934126E009F357A /* Buttons */,
			);
			path = ViewControllers;
			sourceTree = "<group>";
		};
		2F6F36CF2933F1A5009F357A /* Cells */ = {
			isa = PBXGroup;
			children = (
				2F6F36D02933F1D4009F357A /* TableViewWrapperCell.swift */,
			);
			path = Cells;
			sourceTree = "<group>";
		};
		2F6F36D52933F67D009F357A /* DataSource+Support */ = {
			isa = PBXGroup;
			children = (
				2F6F370F29345762009F357A /* EventTracker */,
				2F6F36DE29340A4E009F357A /* TableView */,
			);
			path = "DataSource+Support";
			sourceTree = "<group>";
		};
		2F6F36D62933F782009F357A /* Animatable */ = {
			isa = PBXGroup;
			children = (
				2F6F370C2934555E009F357A /* DataSource */,
				2F6F370229342281009F357A /* AnimatableItem */,
				2F6F370529342327009F357A /* AnimatableSection */,
			);
			path = Animatable;
			sourceTree = "<group>";
		};
		2F6F36DE29340A4E009F357A /* TableView */ = {
			isa = PBXGroup;
			children = (
				2FABB5FC2934D3B40071F232 /* Interaction */,
				2F6F36FF293421EA009F357A /* TableViewCellModel */,
				2F6F36D62933F782009F357A /* Animatable */,
			);
			path = TableView;
			sourceTree = "<group>";
		};
		2F6F36DF2934126E009F357A /* Buttons */ = {
			isa = PBXGroup;
			children = (
				2F6F36F92934209C009F357A /* ButtonsScene.swift */,
				2F6F36FB293420DA009F357A /* ButtonsSceneUnit.swift */,
				2F6F36FD293420E2009F357A /* ButtonsSceneModel.swift */,
			);
			path = Buttons;
			sourceTree = "<group>";
		};
		2F6F36E029341290009F357A /* Views */ = {
			isa = PBXGroup;
			children = (
				2F6F36E129341298009F357A /* OneButton */,
				2F6F36E2293412A7009F357A /* TwoButton */,
				2F6F36E3293412B5009F357A /* ThreeButton */,
			);
			path = Views;
			sourceTree = "<group>";
		};
		2F6F36E129341298009F357A /* OneButton */ = {
			isa = PBXGroup;
			children = (
				2F6F36E4293412D6009F357A /* OneButtonView.swift */,
				2F6F36E629341399009F357A /* OneButtonUnit.swift */,
				2F6F36E8293413A5009F357A /* OneButtonViewModel.swift */,
			);
			path = OneButton;
			sourceTree = "<group>";
		};
		2F6F36E2293412A7009F357A /* TwoButton */ = {
			isa = PBXGroup;
			children = (
				2F6F36ED29341B1A009F357A /* TwoButtonView.swift */,
				2F6F36EF29341B24009F357A /* TwoButtonUnit.swift */,
				2F6F36F129341B2E009F357A /* TwoButtonViewModel.swift */,
			);
			path = TwoButton;
			sourceTree = "<group>";
		};
		2F6F36E3293412B5009F357A /* ThreeButton */ = {
			isa = PBXGroup;
			children = (
				2F6F36F329341C96009F357A /* ThreeButtonView.swift */,
				2F6F36F529341CA5009F357A /* ThreeButtonUnit.swift */,
				2F6F36F729341CAD009F357A /* ThreeButtonViewModel.swift */,
			);
			path = ThreeButton;
			sourceTree = "<group>";
		};
		2F6F36EA29341A26009F357A /* Rx */ = {
			isa = PBXGroup;
			children = (
				2F6F36EB29341A40009F357A /* SharedSequenceConvertibleType+extension.swift */,
			);
			path = Rx;
			sourceTree = "<group>";
		};
		2F6F36FF293421EA009F357A /* TableViewCellModel */ = {
			isa = PBXGroup;
			children = (
				2F6F3700293421F6009F357A /* TableViewCellModelProtocol.swift */,
				2F6F36DC2934036D009F357A /* TableViewCellModel.swift */,
			);
			path = TableViewCellModel;
			sourceTree = "<group>";
		};
		2F6F370229342281009F357A /* AnimatableItem */ = {
			isa = PBXGroup;
			children = (
				2F6F370829342536009F357A /* AnimatableItemProtocol.swift */,
				2F6F36DA2933F7C3009F357A /* AnimatableItem.swift */,
				2F6F37032934228D009F357A /* AnyAnimatableItem.swift */,
			);
			path = AnimatableItem;
			sourceTree = "<group>";
		};
		2F6F370529342327009F357A /* AnimatableSection */ = {
			isa = PBXGroup;
			children = (
				2F6F36D82933F7B0009F357A /* AnimatableSection.swift */,
				2F6F370629342339009F357A /* AnyAnimatableSection.swift */,
				2F6F370A293436F6009F357A /* AnyAnimatableSections.swift */,
			);
			path = AnimatableSection;
			sourceTree = "<group>";
		};
		2F6F370C2934555E009F357A /* DataSource */ = {
			isa = PBXGroup;
			children = (
				2F6F370D293455DA009F357A /* TableViewAnimatedDataSource.swift */,
			);
			path = DataSource;
			sourceTree = "<group>";
		};
		2F6F370F29345762009F357A /* EventTracker */ = {
			isa = PBXGroup;
			children = (
				2F6F371029345781009F357A /* CellEvent.swift */,
			);
			path = EventTracker;
			sourceTree = "<group>";
		};
		2FABB5FC2934D3B40071F232 /* Interaction */ = {
			isa = PBXGroup;
			children = (
				2FABB5FA2934D3AD0071F232 /* TableViewInteractionManager.swift */,
			);
			path = Interaction;
			sourceTree = "<group>";
		};
/* End PBXGroup section */

/* Begin PBXNativeTarget section */
		2F6F36812933CB65009F357A /* DataSourceExample */ = {
			isa = PBXNativeTarget;
			buildConfigurationList = 2F6F36962933CB65009F357A /* Build configuration list for PBXNativeTarget "DataSourceExample" */;
			buildPhases = (
				2F6F367E2933CB65009F357A /* Sources */,
				2F6F367F2933CB65009F357A /* Frameworks */,
				2F6F36802933CB65009F357A /* Resources */,
				2F6F369A2933CEA8009F357A /* SwiftLint */,
			);
			buildRules = (
			);
			dependencies = (
			);
			name = DataSourceExample;
			packageProductDependencies = (
				2F6F369D2933D488009F357A /* RxCocoa */,
				2F6F369F2933D488009F357A /* RxRelay */,
				2F6F36A12933D488009F357A /* RxSwift */,
				2F6F36A42933D54F009F357A /* Differentiator */,
				2F6F36A62933D54F009F357A /* RxDataSources */,
				2F6F36D32933F2F2009F357A /* SnapKit */,
			);
			productName = DataSourceExample;
			productReference = 2F6F36822933CB65009F357A /* DataSourceExample.app */;
			productType = "com.apple.product-type.application";
		};
/* End PBXNativeTarget section */

/* Begin PBXProject section */
		2F6F367A2933CB65009F357A /* Project object */ = {
			isa = PBXProject;
			attributes = {
				BuildIndependentTargetsInParallel = 1;
				LastSwiftUpdateCheck = 1400;
				LastUpgradeCheck = 1400;
				TargetAttributes = {
					2F6F36812933CB65009F357A = {
						CreatedOnToolsVersion = 14.0.1;
					};
				};
			};
			buildConfigurationList = 2F6F367D2933CB65009F357A /* Build configuration list for PBXProject "DataSourceExample" */;
			compatibilityVersion = "Xcode 14.0";
			developmentRegion = en;
			hasScannedForEncodings = 0;
			knownRegions = (
				en,
				Base,
			);
			mainGroup = 2F6F36792933CB65009F357A;
			packageReferences = (
				2F6F369C2933D488009F357A /* XCRemoteSwiftPackageReference "RxSwift" */,
				2F6F36A32933D54F009F357A /* XCRemoteSwiftPackageReference "RxDataSources" */,
				2F6F36D22933F2F2009F357A /* XCRemoteSwiftPackageReference "SnapKit" */,
			);
			productRefGroup = 2F6F36832933CB65009F357A /* Products */;
			projectDirPath = "";
			projectRoot = "";
			targets = (
				2F6F36812933CB65009F357A /* DataSourceExample */,
			);
		};
/* End PBXProject section */

/* Begin PBXResourcesBuildPhase section */
		2F6F36802933CB65009F357A /* Resources */ = {
			isa = PBXResourcesBuildPhase;
			buildActionMask = 2147483647;
			files = (
				2F6F36922933CB65009F357A /* LaunchScreen.storyboard in Resources */,
				2F6F368F2933CB65009F357A /* Assets.xcassets in Resources */,
			);
			runOnlyForDeploymentPostprocessing = 0;
		};
/* End PBXResourcesBuildPhase section */

/* Begin PBXShellScriptBuildPhase section */
		2F6F369A2933CEA8009F357A /* SwiftLint */ = {
			isa = PBXShellScriptBuildPhase;
			buildActionMask = 2147483647;
			files = (
			);
			inputFileListPaths = (
			);
			inputPaths = (
			);
			name = SwiftLint;
			outputFileListPaths = (
			);
			outputPaths = (
			);
			runOnlyForDeploymentPostprocessing = 0;
			shellPath = /bin/sh;
			shellScript = "export PATH=\"$PATH:/opt/homebrew/bin\"\nif which swiftlint > /dev/null; then\n  swiftlint\nelse\n  echo \"warning: SwiftLint not installed, download from https://github.com/realm/SwiftLint\"\nfi\n";
		};
/* End PBXShellScriptBuildPhase section */

/* Begin PBXSourcesBuildPhase section */
		2F6F367E2933CB65009F357A /* Sources */ = {
			isa = PBXSourcesBuildPhase;
			buildActionMask = 2147483647;
			files = (
				2F6F36FE293420E2009F357A /* ButtonsSceneModel.swift in Sources */,
				2F6F36E729341399009F357A /* OneButtonUnit.swift in Sources */,
				2F6F370929342536009F357A /* AnimatableItemProtocol.swift in Sources */,
				2F6F36CB2933EF12009F357A /* ClassNameProtocol.swift in Sources */,
				2F6F36C72933EE25009F357A /* Applicable.swift in Sources */,
				2F6F36D92933F7B0009F357A /* AnimatableSection.swift in Sources */,
				2F6F36862933CB65009F357A /* AppDelegate.swift in Sources */,
				2F6F36BF2933EBC2009F357A /* EventTrackerType.swift in Sources */,
				2F6F36C42933ED9E009F357A /* UITableView+extension.swift in Sources */,
				2F6F36BB2933EB9E009F357A /* UnitType.swift in Sources */,
				2F6F36C92933EE96009F357A /* Runnable.swift in Sources */,
				2F6F36BA2933EB83009F357A /* ViewModelType.swift in Sources */,
				2F6F370E293455DA009F357A /* TableViewAnimatedDataSource.swift in Sources */,
				2F6F36DB2933F7C3009F357A /* AnimatableItem.swift in Sources */,
				2F6F371129345781009F357A /* CellEvent.swift in Sources */,
				2F6F36D12933F1D4009F357A /* TableViewWrapperCell.swift in Sources */,
				2F6F3701293421F6009F357A /* TableViewCellModelProtocol.swift in Sources */,
				2F6F36F229341B2E009F357A /* TwoButtonViewModel.swift in Sources */,
				2F6F370729342339009F357A /* AnyAnimatableSection.swift in Sources */,
				2F6F36DD2934036D009F357A /* TableViewCellModel.swift in Sources */,
				2F6F37042934228D009F357A /* AnyAnimatableItem.swift in Sources */,
				2F6F36882933CB65009F357A /* SceneDelegate.swift in Sources */,
				2F6F36BC2933EB9E009F357A /* SimpleUnit.swift in Sources */,
				2F6F36BD2933EBC2009F357A /* ReactiveReusable.swift in Sources */,
				2F6F36B92933EB83009F357A /* AnyViewModel.swift in Sources */,
				2F6F36B82933EB4E009F357A /* ViewModelBindable.swift in Sources */,
				2F6F36FC293420DA009F357A /* ButtonsSceneUnit.swift in Sources */,
				2F6F36F629341CA5009F357A /* ThreeButtonUnit.swift in Sources */,
				2F6F36F029341B24009F357A /* TwoButtonUnit.swift in Sources */,
				2F6F36FA2934209C009F357A /* ButtonsScene.swift in Sources */,
				2F6F36C02933EBC2009F357A /* AnyEventTracker.swift in Sources */,
				2FABB5FB2934D3AD0071F232 /* TableViewInteractionManager.swift in Sources */,
				2F6F36E5293412D6009F357A /* OneButtonView.swift in Sources */,
				2F6F370B293436F6009F357A /* AnyAnimatableSections.swift in Sources */,
				2F6F36F429341C96009F357A /* ThreeButtonView.swift in Sources */,
				2F6F36EC29341A40009F357A /* SharedSequenceConvertibleType+extension.swift in Sources */,
				2F6F36F829341CAD009F357A /* ThreeButtonViewModel.swift in Sources */,
				2F6F36E9293413A5009F357A /* OneButtonViewModel.swift in Sources */,
				2F6F36EE29341B1A009F357A /* TwoButtonView.swift in Sources */,
			);
			runOnlyForDeploymentPostprocessing = 0;
		};
/* End PBXSourcesBuildPhase section */

/* Begin PBXVariantGroup section */
		2F6F36902933CB65009F357A /* LaunchScreen.storyboard */ = {
			isa = PBXVariantGroup;
			children = (
				2F6F36912933CB65009F357A /* Base */,
			);
			name = LaunchScreen.storyboard;
			sourceTree = "<group>";
		};
/* End PBXVariantGroup section */

/* Begin XCBuildConfiguration section */
		2F6F36942933CB65009F357A /* Debug */ = {
			isa = XCBuildConfiguration;
			buildSettings = {
				ALWAYS_SEARCH_USER_PATHS = NO;
				CLANG_ANALYZER_NONNULL = YES;
				CLANG_ANALYZER_NUMBER_OBJECT_CONVERSION = YES_AGGRESSIVE;
				CLANG_CXX_LANGUAGE_STANDARD = "gnu++20";
				CLANG_ENABLE_MODULES = YES;
				CLANG_ENABLE_OBJC_ARC = YES;
				CLANG_ENABLE_OBJC_WEAK = YES;
				CLANG_WARN_BLOCK_CAPTURE_AUTORELEASING = YES;
				CLANG_WARN_BOOL_CONVERSION = YES;
				CLANG_WARN_COMMA = YES;
				CLANG_WARN_CONSTANT_CONVERSION = YES;
				CLANG_WARN_DEPRECATED_OBJC_IMPLEMENTATIONS = YES;
				CLANG_WARN_DIRECT_OBJC_ISA_USAGE = YES_ERROR;
				CLANG_WARN_DOCUMENTATION_COMMENTS = YES;
				CLANG_WARN_EMPTY_BODY = YES;
				CLANG_WARN_ENUM_CONVERSION = YES;
				CLANG_WARN_INFINITE_RECURSION = YES;
				CLANG_WARN_INT_CONVERSION = YES;
				CLANG_WARN_NON_LITERAL_NULL_CONVERSION = YES;
				CLANG_WARN_OBJC_IMPLICIT_RETAIN_SELF = YES;
				CLANG_WARN_OBJC_LITERAL_CONVERSION = YES;
				CLANG_WARN_OBJC_ROOT_CLASS = YES_ERROR;
				CLANG_WARN_QUOTED_INCLUDE_IN_FRAMEWORK_HEADER = YES;
				CLANG_WARN_RANGE_LOOP_ANALYSIS = YES;
				CLANG_WARN_STRICT_PROTOTYPES = YES;
				CLANG_WARN_SUSPICIOUS_MOVE = YES;
				CLANG_WARN_UNGUARDED_AVAILABILITY = YES_AGGRESSIVE;
				CLANG_WARN_UNREACHABLE_CODE = YES;
				CLANG_WARN__DUPLICATE_METHOD_MATCH = YES;
				COPY_PHASE_STRIP = NO;
				DEBUG_INFORMATION_FORMAT = dwarf;
				ENABLE_STRICT_OBJC_MSGSEND = YES;
				ENABLE_TESTABILITY = YES;
				GCC_C_LANGUAGE_STANDARD = gnu11;
				GCC_DYNAMIC_NO_PIC = NO;
				GCC_NO_COMMON_BLOCKS = YES;
				GCC_OPTIMIZATION_LEVEL = 0;
				GCC_PREPROCESSOR_DEFINITIONS = (
					"DEBUG=1",
					"$(inherited)",
				);
				GCC_WARN_64_TO_32_BIT_CONVERSION = YES;
				GCC_WARN_ABOUT_RETURN_TYPE = YES_ERROR;
				GCC_WARN_UNDECLARED_SELECTOR = YES;
				GCC_WARN_UNINITIALIZED_AUTOS = YES_AGGRESSIVE;
				GCC_WARN_UNUSED_FUNCTION = YES;
				GCC_WARN_UNUSED_VARIABLE = YES;
				IPHONEOS_DEPLOYMENT_TARGET = 13.0;
				MTL_ENABLE_DEBUG_INFO = INCLUDE_SOURCE;
				MTL_FAST_MATH = YES;
				ONLY_ACTIVE_ARCH = YES;
				SDKROOT = iphoneos;
				SWIFT_ACTIVE_COMPILATION_CONDITIONS = DEBUG;
				SWIFT_OPTIMIZATION_LEVEL = "-Onone";
			};
			name = Debug;
		};
		2F6F36952933CB65009F357A /* Release */ = {
			isa = XCBuildConfiguration;
			buildSettings = {
				ALWAYS_SEARCH_USER_PATHS = NO;
				CLANG_ANALYZER_NONNULL = YES;
				CLANG_ANALYZER_NUMBER_OBJECT_CONVERSION = YES_AGGRESSIVE;
				CLANG_CXX_LANGUAGE_STANDARD = "gnu++20";
				CLANG_ENABLE_MODULES = YES;
				CLANG_ENABLE_OBJC_ARC = YES;
				CLANG_ENABLE_OBJC_WEAK = YES;
				CLANG_WARN_BLOCK_CAPTURE_AUTORELEASING = YES;
				CLANG_WARN_BOOL_CONVERSION = YES;
				CLANG_WARN_COMMA = YES;
				CLANG_WARN_CONSTANT_CONVERSION = YES;
				CLANG_WARN_DEPRECATED_OBJC_IMPLEMENTATIONS = YES;
				CLANG_WARN_DIRECT_OBJC_ISA_USAGE = YES_ERROR;
				CLANG_WARN_DOCUMENTATION_COMMENTS = YES;
				CLANG_WARN_EMPTY_BODY = YES;
				CLANG_WARN_ENUM_CONVERSION = YES;
				CLANG_WARN_INFINITE_RECURSION = YES;
				CLANG_WARN_INT_CONVERSION = YES;
				CLANG_WARN_NON_LITERAL_NULL_CONVERSION = YES;
				CLANG_WARN_OBJC_IMPLICIT_RETAIN_SELF = YES;
				CLANG_WARN_OBJC_LITERAL_CONVERSION = YES;
				CLANG_WARN_OBJC_ROOT_CLASS = YES_ERROR;
				CLANG_WARN_QUOTED_INCLUDE_IN_FRAMEWORK_HEADER = YES;
				CLANG_WARN_RANGE_LOOP_ANALYSIS = YES;
				CLANG_WARN_STRICT_PROTOTYPES = YES;
				CLANG_WARN_SUSPICIOUS_MOVE = YES;
				CLANG_WARN_UNGUARDED_AVAILABILITY = YES_AGGRESSIVE;
				CLANG_WARN_UNREACHABLE_CODE = YES;
				CLANG_WARN__DUPLICATE_METHOD_MATCH = YES;
				COPY_PHASE_STRIP = NO;
				DEBUG_INFORMATION_FORMAT = "dwarf-with-dsym";
				ENABLE_NS_ASSERTIONS = NO;
				ENABLE_STRICT_OBJC_MSGSEND = YES;
				GCC_C_LANGUAGE_STANDARD = gnu11;
				GCC_NO_COMMON_BLOCKS = YES;
				GCC_WARN_64_TO_32_BIT_CONVERSION = YES;
				GCC_WARN_ABOUT_RETURN_TYPE = YES_ERROR;
				GCC_WARN_UNDECLARED_SELECTOR = YES;
				GCC_WARN_UNINITIALIZED_AUTOS = YES_AGGRESSIVE;
				GCC_WARN_UNUSED_FUNCTION = YES;
				GCC_WARN_UNUSED_VARIABLE = YES;
				IPHONEOS_DEPLOYMENT_TARGET = 13.0;
				MTL_ENABLE_DEBUG_INFO = NO;
				MTL_FAST_MATH = YES;
				SDKROOT = iphoneos;
				SWIFT_COMPILATION_MODE = wholemodule;
				SWIFT_OPTIMIZATION_LEVEL = "-O";
				VALIDATE_PRODUCT = YES;
			};
			name = Release;
		};
		2F6F36972933CB65009F357A /* Debug */ = {
			isa = XCBuildConfiguration;
			buildSettings = {
				ASSETCATALOG_COMPILER_APPICON_NAME = AppIcon;
				ASSETCATALOG_COMPILER_GLOBAL_ACCENT_COLOR_NAME = AccentColor;
				CODE_SIGN_STYLE = Automatic;
				CURRENT_PROJECT_VERSION = 1;
				DEVELOPMENT_TEAM = GHXPN8A4H7;
				GENERATE_INFOPLIST_FILE = YES;
				INFOPLIST_FILE = DataSourceExample/SupportedFiles/Info.plist;
				INFOPLIST_KEY_UIApplicationSupportsIndirectInputEvents = YES;
				INFOPLIST_KEY_UILaunchStoryboardName = LaunchScreen.storyboard;
				INFOPLIST_KEY_UISupportedInterfaceOrientations_iPad = "UIInterfaceOrientationPortrait UIInterfaceOrientationPortraitUpsideDown UIInterfaceOrientationLandscapeLeft UIInterfaceOrientationLandscapeRight";
				INFOPLIST_KEY_UISupportedInterfaceOrientations_iPhone = "UIInterfaceOrientationPortrait UIInterfaceOrientationLandscapeLeft UIInterfaceOrientationLandscapeRight";
				LD_RUNPATH_SEARCH_PATHS = (
					"$(inherited)",
					"@executable_path/Frameworks",
				);
				MARKETING_VERSION = 1.0;
				PRODUCT_BUNDLE_IDENTIFIER = com.muzle.DataSourceExample;
				PRODUCT_NAME = "$(TARGET_NAME)";
				SWIFT_EMIT_LOC_STRINGS = YES;
				SWIFT_VERSION = 5.0;
				TARGETED_DEVICE_FAMILY = "1,2";
			};
			name = Debug;
		};
		2F6F36982933CB65009F357A /* Release */ = {
			isa = XCBuildConfiguration;
			buildSettings = {
				ASSETCATALOG_COMPILER_APPICON_NAME = AppIcon;
				ASSETCATALOG_COMPILER_GLOBAL_ACCENT_COLOR_NAME = AccentColor;
				CODE_SIGN_STYLE = Automatic;
				CURRENT_PROJECT_VERSION = 1;
				DEVELOPMENT_TEAM = GHXPN8A4H7;
				GENERATE_INFOPLIST_FILE = YES;
				INFOPLIST_FILE = DataSourceExample/SupportedFiles/Info.plist;
				INFOPLIST_KEY_UIApplicationSupportsIndirectInputEvents = YES;
				INFOPLIST_KEY_UILaunchStoryboardName = LaunchScreen.storyboard;
				INFOPLIST_KEY_UISupportedInterfaceOrientations_iPad = "UIInterfaceOrientationPortrait UIInterfaceOrientationPortraitUpsideDown UIInterfaceOrientationLandscapeLeft UIInterfaceOrientationLandscapeRight";
				INFOPLIST_KEY_UISupportedInterfaceOrientations_iPhone = "UIInterfaceOrientationPortrait UIInterfaceOrientationLandscapeLeft UIInterfaceOrientationLandscapeRight";
				LD_RUNPATH_SEARCH_PATHS = (
					"$(inherited)",
					"@executable_path/Frameworks",
				);
				MARKETING_VERSION = 1.0;
				PRODUCT_BUNDLE_IDENTIFIER = com.muzle.DataSourceExample;
				PRODUCT_NAME = "$(TARGET_NAME)";
				SWIFT_EMIT_LOC_STRINGS = YES;
				SWIFT_VERSION = 5.0;
				TARGETED_DEVICE_FAMILY = "1,2";
			};
			name = Release;
		};
/* End XCBuildConfiguration section */

/* Begin XCConfigurationList section */
		2F6F367D2933CB65009F357A /* Build configuration list for PBXProject "DataSourceExample" */ = {
			isa = XCConfigurationList;
			buildConfigurations = (
				2F6F36942933CB65009F357A /* Debug */,
				2F6F36952933CB65009F357A /* Release */,
			);
			defaultConfigurationIsVisible = 0;
			defaultConfigurationName = Release;
		};
		2F6F36962933CB65009F357A /* Build configuration list for PBXNativeTarget "DataSourceExample" */ = {
			isa = XCConfigurationList;
			buildConfigurations = (
				2F6F36972933CB65009F357A /* Debug */,
				2F6F36982933CB65009F357A /* Release */,
			);
			defaultConfigurationIsVisible = 0;
			defaultConfigurationName = Release;
		};
/* End XCConfigurationList section */

/* Begin XCRemoteSwiftPackageReference section */
		2F6F369C2933D488009F357A /* XCRemoteSwiftPackageReference "RxSwift" */ = {
			isa = XCRemoteSwiftPackageReference;
			repositoryURL = "https://github.com/ReactiveX/RxSwift.git";
			requirement = {
				kind = upToNextMajorVersion;
				minimumVersion = 6.0.0;
			};
		};
		2F6F36A32933D54F009F357A /* XCRemoteSwiftPackageReference "RxDataSources" */ = {
			isa = XCRemoteSwiftPackageReference;
			repositoryURL = "https://github.com/RxSwiftCommunity/RxDataSources.git";
			requirement = {
				kind = upToNextMajorVersion;
				minimumVersion = 5.0.0;
			};
		};
		2F6F36D22933F2F2009F357A /* XCRemoteSwiftPackageReference "SnapKit" */ = {
			isa = XCRemoteSwiftPackageReference;
			repositoryURL = "https://github.com/SnapKit/SnapKit.git";
			requirement = {
				kind = upToNextMajorVersion;
				minimumVersion = 5.0.0;
			};
		};
/* End XCRemoteSwiftPackageReference section */

/* Begin XCSwiftPackageProductDependency section */
		2F6F369D2933D488009F357A /* RxCocoa */ = {
			isa = XCSwiftPackageProductDependency;
			package = 2F6F369C2933D488009F357A /* XCRemoteSwiftPackageReference "RxSwift" */;
			productName = RxCocoa;
		};
		2F6F369F2933D488009F357A /* RxRelay */ = {
			isa = XCSwiftPackageProductDependency;
			package = 2F6F369C2933D488009F357A /* XCRemoteSwiftPackageReference "RxSwift" */;
			productName = RxRelay;
		};
		2F6F36A12933D488009F357A /* RxSwift */ = {
			isa = XCSwiftPackageProductDependency;
			package = 2F6F369C2933D488009F357A /* XCRemoteSwiftPackageReference "RxSwift" */;
			productName = RxSwift;
		};
		2F6F36A42933D54F009F357A /* Differentiator */ = {
			isa = XCSwiftPackageProductDependency;
			package = 2F6F36A32933D54F009F357A /* XCRemoteSwiftPackageReference "RxDataSources" */;
			productName = Differentiator;
		};
		2F6F36A62933D54F009F357A /* RxDataSources */ = {
			isa = XCSwiftPackageProductDependency;
			package = 2F6F36A32933D54F009F357A /* XCRemoteSwiftPackageReference "RxDataSources" */;
			productName = RxDataSources;
		};
		2F6F36D32933F2F2009F357A /* SnapKit */ = {
			isa = XCSwiftPackageProductDependency;
			package = 2F6F36D22933F2F2009F357A /* XCRemoteSwiftPackageReference "SnapKit" */;
			productName = SnapKit;
		};
/* End XCSwiftPackageProductDependency section */
	};
	rootObject = 2F6F367A2933CB65009F357A /* Project object */;
}
